// !$*UTF8*$!
{
	archiveVersion = 1;
	classes = {
	};
	objectVersion = 55;
	objects = {

/* Begin PBXBuildFile section */
		894573A72889F02400A51722 /* AddEntryViewController.swift in Sources */ = {isa = PBXBuildFile; fileRef = 894573A62889F02400A51722 /* AddEntryViewController.swift */; };
		895C58D62889C1700018C5C1 /* AppDelegate.swift in Sources */ = {isa = PBXBuildFile; fileRef = 895C58D52889C1700018C5C1 /* AppDelegate.swift */; };
		895C58D82889C1700018C5C1 /* SceneDelegate.swift in Sources */ = {isa = PBXBuildFile; fileRef = 895C58D72889C1700018C5C1 /* SceneDelegate.swift */; };
		895C58DA2889C1700018C5C1 /* ViewController.swift in Sources */ = {isa = PBXBuildFile; fileRef = 895C58D92889C1700018C5C1 /* ViewController.swift */; };
		895C58DD2889C1700018C5C1 /* Main.storyboard in Resources */ = {isa = PBXBuildFile; fileRef = 895C58DB2889C1700018C5C1 /* Main.storyboard */; };
		895C58E02889C1700018C5C1 /* journalScreen.xcdatamodeld in Sources */ = {isa = PBXBuildFile; fileRef = 895C58DE2889C1700018C5C1 /* journalScreen.xcdatamodeld */; };
		895C58E22889C1720018C5C1 /* Assets.xcassets in Resources */ = {isa = PBXBuildFile; fileRef = 895C58E12889C1720018C5C1 /* Assets.xcassets */; };
		895C58E52889C1720018C5C1 /* LaunchScreen.storyboard in Resources */ = {isa = PBXBuildFile; fileRef = 895C58E32889C1720018C5C1 /* LaunchScreen.storyboard */; };
/* End PBXBuildFile section */

/* Begin PBXFileReference section */
		894573A62889F02400A51722 /* AddEntryViewController.swift */ = {isa = PBXFileReference; lastKnownFileType = sourcecode.swift; path = AddEntryViewController.swift; sourceTree = "<group>"; };
		895C58D22889C1700018C5C1 /* journalScreen.app */ = {isa = PBXFileReference; explicitFileType = wrapper.application; includeInIndex = 0; path = journalScreen.app; sourceTree = BUILT_PRODUCTS_DIR; };
		895C58D52889C1700018C5C1 /* AppDelegate.swift */ = {isa = PBXFileReference; lastKnownFileType = sourcecode.swift; path = AppDelegate.swift; sourceTree = "<group>"; };
		895C58D72889C1700018C5C1 /* SceneDelegate.swift */ = {isa = PBXFileReference; lastKnownFileType = sourcecode.swift; path = SceneDelegate.swift; sourceTree = "<group>"; };
		895C58D92889C1700018C5C1 /* ViewController.swift */ = {isa = PBXFileReference; lastKnownFileType = sourcecode.swift; path = ViewController.swift; sourceTree = "<group>"; };
		895C58DC2889C1700018C5C1 /* Base */ = {isa = PBXFileReference; lastKnownFileType = file.storyboard; name = Base; path = Base.lproj/Main.storyboard; sourceTree = "<group>"; };
		895C58DF2889C1700018C5C1 /* journalScreen.xcdatamodel */ = {isa = PBXFileReference; lastKnownFileType = wrapper.xcdatamodel; path = journalScreen.xcdatamodel; sourceTree = "<group>"; };
		895C58E12889C1720018C5C1 /* Assets.xcassets */ = {isa = PBXFileReference; lastKnownFileType = folder.assetcatalog; path = Assets.xcassets; sourceTree = "<group>"; };
		895C58E42889C1720018C5C1 /* Base */ = {isa = PBXFileReference; lastKnownFileType = file.storyboard; name = Base; path = Base.lproj/LaunchScreen.storyboard; sourceTree = "<group>"; };
		895C58E62889C1720018C5C1 /* Info.plist */ = {isa = PBXFileReference; lastKnownFileType = text.plist.xml; path = Info.plist; sourceTree = "<group>"; };
/* End PBXFileReference section */

/* Begin PBXFrameworksBuildPhase section */
		895C58CF2889C1700018C5C1 /* Frameworks */ = {
			isa = PBXFrameworksBuildPhase;
			buildActionMask = 2147483647;
			files = (
			);
			runOnlyForDeploymentPostprocessing = 0;
		};
/* End PBXFrameworksBuildPhase section */

/* Begin PBXGroup section */
		895C58C92889C16F0018C5C1 = {
			isa = PBXGroup;
			children = (
				895C58D42889C1700018C5C1 /* journalScreen */,
				895C58D32889C1700018C5C1 /* Products */,
			);
			sourceTree = "<group>";
		};
		895C58D32889C1700018C5C1 /* Products */ = {
			isa = PBXGroup;
			children = (
				895C58D22889C1700018C5C1 /* journalScreen.app */,
			);
			name = Products;
			sourceTree = "<group>";
		};
		895C58D42889C1700018C5C1 /* journalScreen */ = {
			isa = PBXGroup;
			children = (
				895C58D52889C1700018C5C1 /* AppDelegate.swift */,
				895C58D72889C1700018C5C1 /* SceneDelegate.swift */,
				895C58D92889C1700018C5C1 /* ViewController.swift */,
				894573A62889F02400A51722 /* AddEntryViewController.swift */,
				895C58DB2889C1700018C5C1 /* Main.storyboard */,
				895C58E12889C1720018C5C1 /* Assets.xcassets */,
				895C58E32889C1720018C5C1 /* LaunchScreen.storyboard */,
				895C58E62889C1720018C5C1 /* Info.plist */,
				895C58DE2889C1700018C5C1 /* journalScreen.xcdatamodeld */,
			);
			path = journalScreen;
			sourceTree = "<group>";
		};
/* End PBXGroup section */

/* Begin PBXNativeTarget section */
		895C58D12889C1700018C5C1 /* journalScreen */ = {
			isa = PBXNativeTarget;
			buildConfigurationList = 895C58E92889C1720018C5C1 /* Build configuration list for PBXNativeTarget "journalScreen" */;
			buildPhases = (
				895C58CE2889C1700018C5C1 /* Sources */,
				895C58CF2889C1700018C5C1 /* Frameworks */,
				895C58D02889C1700018C5C1 /* Resources */,
			);
			buildRules = (
			);
			dependencies = (
			);
			name = journalScreen;
			productName = journalScreen;
			productReference = 895C58D22889C1700018C5C1 /* journalScreen.app */;
			productType = "com.apple.product-type.application";
		};
/* End PBXNativeTarget section */

/* Begin PBXProject section */
		895C58CA2889C16F0018C5C1 /* Project object */ = {
			isa = PBXProject;
			attributes = {
				BuildIndependentTargetsInParallel = 1;
				LastSwiftUpdateCheck = 1340;
				LastUpgradeCheck = 1340;
				TargetAttributes = {
					895C58D12889C1700018C5C1 = {
						CreatedOnToolsVersion = 13.4.1;
					};
				};
			};
			buildConfigurationList = 895C58CD2889C16F0018C5C1 /* Build configuration list for PBXProject "journalScreen" */;
			compatibilityVersion = "Xcode 13.0";
			developmentRegion = en;
			hasScannedForEncodings = 0;
			knownRegions = (
				en,
				Base,
			);
			mainGroup = 895C58C92889C16F0018C5C1;
			productRefGroup = 895C58D32889C1700018C5C1 /* Products */;
			projectDirPath = "";
			projectRoot = "";
			targets = (
				895C58D12889C1700018C5C1 /* journalScreen */,
			);
		};
/* End PBXProject section */

/* Begin PBXResourcesBuildPhase section */
		895C58D02889C1700018C5C1 /* Resources */ = {
			isa = PBXResourcesBuildPhase;
			buildActionMask = 2147483647;
			files = (
				895C58E52889C1720018C5C1 /* LaunchScreen.storyboard in Resources */,
				895C58E22889C1720018C5C1 /* Assets.xcassets in Resources */,
				895C58DD2889C1700018C5C1 /* Main.storyboard in Resources */,
			);
			runOnlyForDeploymentPostprocessing = 0;
		};
/* End PBXResourcesBuildPhase section */

/* Begin PBXSourcesBuildPhase section */
		895C58CE2889C1700018C5C1 /* Sources */ = {
			isa = PBXSourcesBuildPhase;
			buildActionMask = 2147483647;
			files = (
				895C58DA2889C1700018C5C1 /* ViewController.swift in Sources */,
				895C58E02889C1700018C5C1 /* journalScreen.xcdatamodeld in Sources */,
				895C58D62889C1700018C5C1 /* AppDelegate.swift in Sources */,
				894573A72889F02400A51722 /* AddEntryViewController.swift in Sources */,
				895C58D82889C1700018C5C1 /* SceneDelegate.swift in Sources */,
			);
			runOnlyForDeploymentPostprocessing = 0;
		};
/* End PBXSourcesBuildPhase section */

/* Begin PBXVariantGroup section */
		895C58DB2889C1700018C5C1 /* Main.storyboard */ = {
			isa = PBXVariantGroup;
			children = (
				895C58DC2889C1700018C5C1 /* Base */,
			);
			name = Main.storyboard;
			sourceTree = "<group>";
		};
		895C58E32889C1720018C5C1 /* LaunchScreen.storyboard */ = {
			isa = PBXVariantGroup;
			children = (
				895C58E42889C1720018C5C1 /* Base */,
			);
			name = LaunchScreen.storyboard;
			sourceTree = "<group>";
		};
/* End PBXVariantGroup section */

/* Begin XCBuildConfiguration section */
		895C58E72889C1720018C5C1 /* Debug */ = {
			isa = XCBuildConfiguration;
			buildSettings = {
				ALWAYS_SEARCH_USER_PATHS = NO;
				CLANG_ANALYZER_NONNULL = YES;
				CLANG_ANALYZER_NUMBER_OBJECT_CONVERSION = YES_AGGRESSIVE;
				CLANG_CXX_LANGUAGE_STANDARD = "gnu++17";
				CLANG_ENABLE_MODULES = YES;
				CLANG_ENABLE_OBJC_ARC = YES;
				CLANG_ENABLE_OBJC_WEAK = YES;
				CLANG_WARN_BLOCK_CAPTURE_AUTORELEASING = YES;
				CLANG_WARN_BOOL_CONVERSION = YES;
				CLANG_WARN_COMMA = YES;
				CLANG_WARN_CONSTANT_CONVERSION = YES;
				CLANG_WARN_DEPRECATED_OBJC_IMPLEMENTATIONS = YES;
				CLANG_WARN_DIRECT_OBJC_ISA_USAGE = YES_ERROR;
				CLANG_WARN_DOCUMENTATION_COMMENTS = YES;
				CLANG_WARN_EMPTY_BODY = YES;
				CLANG_WARN_ENUM_CONVERSION = YES;
				CLANG_WARN_INFINITE_RECURSION = YES;
				CLANG_WARN_INT_CONVERSION = YES;
				CLANG_WARN_NON_LITERAL_NULL_CONVERSION = YES;
				CLANG_WARN_OBJC_IMPLICIT_RETAIN_SELF = YES;
				CLANG_WARN_OBJC_LITERAL_CONVERSION = YES;
				CLANG_WARN_OBJC_ROOT_CLASS = YES_ERROR;
				CLANG_WARN_QUOTED_INCLUDE_IN_FRAMEWORK_HEADER = YES;
				CLANG_WARN_RANGE_LOOP_ANALYSIS = YES;
				CLANG_WARN_STRICT_PROTOTYPES = YES;
				CLANG_WARN_SUSPICIOUS_MOVE = YES;
				CLANG_WARN_UNGUARDED_AVAILABILITY = YES_AGGRESSIVE;
				CLANG_WARN_UNREACHABLE_CODE = YES;
				CLANG_WARN__DUPLICATE_METHOD_MATCH = YES;
				COPY_PHASE_STRIP = NO;
				DEBUG_INFORMATION_FORMAT = dwarf;
				ENABLE_STRICT_OBJC_MSGSEND = YES;
				ENABLE_TESTABILITY = YES;
				GCC_C_LANGUAGE_STANDARD = gnu11;
				GCC_DYNAMIC_NO_PIC = NO;
				GCC_NO_COMMON_BLOCKS = YES;
				GCC_OPTIMIZATION_LEVEL = 0;
				GCC_PREPROCESSOR_DEFINITIONS = (
					"DEBUG=1",
					"$(inherited)",
				);
				GCC_WARN_64_TO_32_BIT_CONVERSION = YES;
				GCC_WARN_ABOUT_RETURN_TYPE = YES_ERROR;
				GCC_WARN_UNDECLARED_SELECTOR = YES;
				GCC_WARN_UNINITIALIZED_AUTOS = YES_AGGRESSIVE;
				GCC_WARN_UNUSED_FUNCTION = YES;
				GCC_WARN_UNUSED_VARIABLE = YES;
				IPHONEOS_DEPLOYMENT_TARGET = 15.5;
				MTL_ENABLE_DEBUG_INFO = INCLUDE_SOURCE;
				MTL_FAST_MATH = YES;
				ONLY_ACTIVE_ARCH = YES;
				SDKROOT = iphoneos;
				SWIFT_ACTIVE_COMPILATION_CONDITIONS = DEBUG;
				SWIFT_OPTIMIZATION_LEVEL = "-Onone";
			};
			name = Debug;
		};
		895C58E82889C1720018C5C1 /* Release */ = {
			isa = XCBuildConfiguration;
			buildSettings = {
				ALWAYS_SEARCH_USER_PATHS = NO;
				CLANG_ANALYZER_NONNULL = YES;
				CLANG_ANALYZER_NUMBER_OBJECT_CONVERSION = YES_AGGRESSIVE;
				CLANG_CXX_LANGUAGE_STANDARD = "gnu++17";
				CLANG_ENABLE_MODULES = YES;
				CLANG_ENABLE_OBJC_ARC = YES;
				CLANG_ENABLE_OBJC_WEAK = YES;
				CLANG_WARN_BLOCK_CAPTURE_AUTORELEASING = YES;
				CLANG_WARN_BOOL_CONVERSION = YES;
				CLANG_WARN_COMMA = YES;
				CLANG_WARN_CONSTANT_CONVERSION = YES;
				CLANG_WARN_DEPRECATED_OBJC_IMPLEMENTATIONS = YES;
				CLANG_WARN_DIRECT_OBJC_ISA_USAGE = YES_ERROR;
				CLANG_WARN_DOCUMENTATION_COMMENTS = YES;
				CLANG_WARN_EMPTY_BODY = YES;
				CLANG_WARN_ENUM_CONVERSION = YES;
				CLANG_WARN_INFINITE_RECURSION = YES;
				CLANG_WARN_INT_CONVERSION = YES;
				CLANG_WARN_NON_LITERAL_NULL_CONVERSION = YES;
				CLANG_WARN_OBJC_IMPLICIT_RETAIN_SELF = YES;
				CLANG_WARN_OBJC_LITERAL_CONVERSION = YES;
				CLANG_WARN_OBJC_ROOT_CLASS = YES_ERROR;
				CLANG_WARN_QUOTED_INCLUDE_IN_FRAMEWORK_HEADER = YES;
				CLANG_WARN_RANGE_LOOP_ANALYSIS = YES;
				CLANG_WARN_STRICT_PROTOTYPES = YES;
				CLANG_WARN_SUSPICIOUS_MOVE = YES;
				CLANG_WARN_UNGUARDED_AVAILABILITY = YES_AGGRESSIVE;
				CLANG_WARN_UNREACHABLE_CODE = YES;
				CLANG_WARN__DUPLICATE_METHOD_MATCH = YES;
				COPY_PHASE_STRIP = NO;
				DEBUG_INFORMATION_FORMAT = "dwarf-with-dsym";
				ENABLE_NS_ASSERTIONS = NO;
				ENABLE_STRICT_OBJC_MSGSEND = YES;
				GCC_C_LANGUAGE_STANDARD = gnu11;
				GCC_NO_COMMON_BLOCKS = YES;
				GCC_WARN_64_TO_32_BIT_CONVERSION = YES;
				GCC_WARN_ABOUT_RETURN_TYPE = YES_ERROR;
				GCC_WARN_UNDECLARED_SELECTOR = YES;
				GCC_WARN_UNINITIALIZED_AUTOS = YES_AGGRESSIVE;
				GCC_WARN_UNUSED_FUNCTION = YES;
				GCC_WARN_UNUSED_VARIABLE = YES;
				IPHONEOS_DEPLOYMENT_TARGET = 15.5;
				MTL_ENABLE_DEBUG_INFO = NO;
				MTL_FAST_MATH = YES;
				SDKROOT = iphoneos;
				SWIFT_COMPILATION_MODE = wholemodule;
				SWIFT_OPTIMIZATION_LEVEL = "-O";
				VALIDATE_PRODUCT = YES;
			};
			name = Release;
		};
		895C58EA2889C1720018C5C1 /* Debug */ = {
			isa = XCBuildConfiguration;
			buildSettings = {
				ASSETCATALOG_COMPILER_APPICON_NAME = AppIcon;
				ASSETCATALOG_COMPILER_GLOBAL_ACCENT_COLOR_NAME = AccentColor;
				CODE_SIGN_STYLE = Automatic;
				CURRENT_PROJECT_VERSION = 1;
				DEVELOPMENT_TEAM = 2N97F5GWLY;
				GENERATE_INFOPLIST_FILE = YES;
				INFOPLIST_FILE = journalScreen/Info.plist;
				INFOPLIST_KEY_UIApplicationSupportsIndirectInputEvents = YES;
				INFOPLIST_KEY_UILaunchStoryboardName = LaunchScreen;
				INFOPLIST_KEY_UIMainStoryboardFile = Main;
				INFOPLIST_KEY_UISupportedInterfaceOrientations_iPad = "UIInterfaceOrientationPortrait UIInterfaceOrientationPortraitUpsideDown UIInterfaceOrientationLandscapeLeft UIInterfaceOrientationLandscapeRight";
				INFOPLIST_KEY_UISupportedInterfaceOrientations_iPhone = "UIInterfaceOrientationPortrait UIInterfaceOrientationLandscapeLeft UIInterfaceOrientationLandscapeRight";
				LD_RUNPATH_SEARCH_PATHS = (
					"$(inherited)",
					"@executable_path/Frameworks",
				);
				MARKETING_VERSION = 1.0;
				PRODUCT_BUNDLE_IDENTIFIER = kwk.journalScreen;
				PRODUCT_NAME = "$(TARGET_NAME)";
				SWIFT_EMIT_LOC_STRINGS = YES;
				SWIFT_VERSION = 5.0;
				TARGETED_DEVICE_FAMILY = "1,2";
			};
			name = Debug;
		};
		895C58EB2889C1720018C5C1 /* Release */ = {
			isa = XCBuildConfiguration;
			buildSettings = {
				ASSETCATALOG_COMPILER_APPICON_NAME = AppIcon;
				ASSETCATALOG_COMPILER_GLOBAL_ACCENT_COLOR_NAME = AccentColor;
				CODE_SIGN_STYLE = Automatic;
				CURRENT_PROJECT_VERSION = 1;
				DEVELOPMENT_TEAM = 2N97F5GWLY;
				GENERATE_INFOPLIST_FILE = YES;
				INFOPLIST_FILE = journalScreen/Info.plist;
				INFOPLIST_KEY_UIApplicationSupportsIndirectInputEvents = YES;
				INFOPLIST_KEY_UILaunchStoryboardName = LaunchScreen;
				INFOPLIST_KEY_UIMainStoryboardFile = Main;
				INFOPLIST_KEY_UISupportedInterfaceOrientations_iPad = "UIInterfaceOrientationPortrait UIInterfaceOrientationPortraitUpsideDown UIInterfaceOrientationLandscapeLeft UIInterfaceOrientationLandscapeRight";
				INFOPLIST_KEY_UISupportedInterfaceOrientations_iPhone = "UIInterfaceOrientationPortrait UIInterfaceOrientationLandscapeLeft UIInterfaceOrientationLandscapeRight";
				LD_RUNPATH_SEARCH_PATHS = (
					"$(inherited)",
					"@executable_path/Frameworks",
				);
				MARKETING_VERSION = 1.0;
				PRODUCT_BUNDLE_IDENTIFIER = kwk.journalScreen;
				PRODUCT_NAME = "$(TARGET_NAME)";
				SWIFT_EMIT_LOC_STRINGS = YES;
				SWIFT_VERSION = 5.0;
				TARGETED_DEVICE_FAMILY = "1,2";
			};
			name = Release;
		};
/* End XCBuildConfiguration section */

/* Begin XCConfigurationList section */
		895C58CD2889C16F0018C5C1 /* Build configuration list for PBXProject "journalScreen" */ = {
			isa = XCConfigurationList;
			buildConfigurations = (
				895C58E72889C1720018C5C1 /* Debug */,
				895C58E82889C1720018C5C1 /* Release */,
			);
			defaultConfigurationIsVisible = 0;
			defaultConfigurationName = Release;
		};
		895C58E92889C1720018C5C1 /* Build configuration list for PBXNativeTarget "journalScreen" */ = {
			isa = XCConfigurationList;
			buildConfigurations = (
				895C58EA2889C1720018C5C1 /* Debug */,
				895C58EB2889C1720018C5C1 /* Release */,
			);
			defaultConfigurationIsVisible = 0;
			defaultConfigurationName = Release;
		};
/* End XCConfigurationList section */

/* Begin XCVersionGroup section */
		895C58DE2889C1700018C5C1 /* journalScreen.xcdatamodeld */ = {
			isa = XCVersionGroup;
			children = (
				895C58DF2889C1700018C5C1 /* journalScreen.xcdatamodel */,
			);
			currentVersion = 895C58DF2889C1700018C5C1 /* journalScreen.xcdatamodel */;
			path = journalScreen.xcdatamodeld;
			sourceTree = "<group>";
			versionGroupType = wrapper.xcdatamodel;
		};
/* End XCVersionGroup section */
	};
	rootObject = 895C58CA2889C16F0018C5C1 /* Project object */;
}
